<?xml version="1.0" encoding="utf-8"?>
<Project ToolsVersion="4.0" xmlns="http://schemas.microsoft.com/developer/msbuild/2003">
  <ItemGroup>
    <Filter Include="main">
      <UniqueIdentifier>{fd402f06-1411-415d-a9ef-3c5a52e7863e}</UniqueIdentifier>
    </Filter>
    <Filter Include="list">
      <UniqueIdentifier>{eddbd4ff-ff98-4420-bf99-3c7fb77b59d3}</UniqueIdentifier>
    </Filter>
  </ItemGroup>
  <ItemGroup>
    <ClCompile Include="main.cpp">
      <Filter>main</Filter>
    </ClCompile>
  </ItemGroup>
  <ItemGroup>
    <ClInclude Include="list.h">
      <Filter>list</Filter>
    </ClInclude>
  </ItemGroup>
</Project>